
Microsoft Visual Studio Solution File, Format Version 12.00
# Visual Studio Version 17
VisualStudioVersion = 17.13.35825.156
MinimumVisualStudioVersion = 10.0.40219.1
Project("{2150E333-8FDC-42A3-9474-1A3956D46DE8}") = "src", "src", "{02EA681E-C7D8-13C7-8484-4AC65E1B71E8}"
EndProject
Project("{2150E333-8FDC-42A3-9474-1A3956D46DE8}") = "tests", "tests", "{52129E05-4E05-40F2-97C0-D133D9DBEB16}"
EndProject
Project("{2150E333-8FDC-42A3-9474-1A3956D46DE8}") = "sample", "sample", "{FFBA1B8A-1328-4963-82D0-EBBDB08C8136}"
EndProject
Project("{2150E333-8FDC-42A3-9474-1A3956D46DE8}") = "1.Utilities", "1.Utilities", "{22810C59-1972-4C3C-A544-F7E4FF653A0D}"
EndProject
Project("{2150E333-8FDC-42A3-9474-1A3956D46DE8}") = "2.Core", "2.Core", "{38622530-8137-41C5-ADAA-B4E00712BCC3}"
EndProject
Project("{2150E333-8FDC-42A3-9474-1A3956D46DE8}") = "3.Infrastructure", "3.Infrastructure", "{BF6F9ED1-1A61-4AEB-9237-197DD30B684A}"
EndProject
Project("{FAE04EC0-301F-11D3-BF4B-00C04F79EFBC}") = "DDDZamin.Utilities", "src\1.Utilities\DDDZamin.Utilities\DDDZamin.Utilities.csproj", "{5BD64FA1-37CA-4CF5-9E9B-31BE91952C37}"
EndProject
Project("{FAE04EC0-301F-11D3-BF4B-00C04F79EFBC}") = "DDDZamin.Core.Domain", "src\2.Core\DDDZamin.Core.Domain\DDDZamin.Core.Domain.csproj", "{42C8AB5B-75E6-4580-85B5-C7BBCEA9301B}"
EndProject
Project("{FAE04EC0-301F-11D3-BF4B-00C04F79EFBC}") = "DDDZamin.Core.ApplicationServices", "src\2.Core\DDDZamin.Core.ApplicationServices\DDDZamin.Core.ApplicationServices.csproj", "{6E62B59C-3F9D-4C7B-B0FF-64ED2D22A2DB}"
EndProject
Project("{FAE04EC0-301F-11D3-BF4B-00C04F79EFBC}") = "DDDZamin.Core.Contracts", "src\2.Core\DDDZamin.Core.Contracts\DDDZamin.Core.Contracts.csproj", "{A75823A4-F066-445C-84A1-BFEBA8E79E1B}"
EndProject
Project("{FAE04EC0-301F-11D3-BF4B-00C04F79EFBC}") = "DDDZamin.Core.RequestResponse", "src\2.Core\DDDZamin.Core.RequestResponse\DDDZamin.Core.RequestResponse.csproj", "{BD04046C-61A7-4A2E-86BE-FA2F81EEA17C}"
EndProject
Project("{2150E333-8FDC-42A3-9474-1A3956D46DE8}") = "Data", "Data", "{85217E13-299D-4D10-B705-E119B054CF35}"
EndProject
Project("{FAE04EC0-301F-11D3-BF4B-00C04F79EFBC}") = "DDDZamin.Infrastructure.Data.Sql", "src\3.Infrastructure\Data\DDDZamin.Infrastructure.Data.Sql\DDDZamin.Infrastructure.Data.Sql.csproj", "{1903B6E3-B7FD-4F3D-A0EF-4BA1CC2A9B6E}"
EndProject
Project("{FAE04EC0-301F-11D3-BF4B-00C04F79EFBC}") = "DDDZamin.Infrastructure.Data.Sql.Commands", "src\3.Infrastructure\Data\DDDZamin.Infrastructure.Data.Sql.Commands\DDDZamin.Infrastructure.Data.Sql.Commands.csproj", "{5C1E1143-DB86-4D44-BF8D-6FC7F365E6B0}"
EndProject
Project("{FAE04EC0-301F-11D3-BF4B-00C04F79EFBC}") = "DDDZamin.Infrastructure.Data.Sql.Queries", "src\3.Infrastructure\Data\DDDZamin.Infrastructure.Data.Queries\DDDZamin.Infrastructure.Data.Sql.Queries.csproj", "{8B612917-8D38-45AC-A573-AC2C8086E027}"
EndProject
Project("{2150E333-8FDC-42A3-9474-1A3956D46DE8}") = "4.Endpoints", "4.Endpoints", "{A8E6FE98-5FC9-408E-A257-560EDFF789DA}"
EndProject
Project("{FAE04EC0-301F-11D3-BF4B-00C04F79EFBC}") = "DDDZamin.Endpoints.Web", "src\4.Endpoints\DDDZamin.Endpoints.Web\DDDZamin.Endpoints.Web.csproj", "{828F86BC-D0C6-4240-8713-C1852C11BCBC}"
EndProject
Project("{2150E333-8FDC-42A3-9474-1A3956D46DE8}") = "1.Core", "1.Core", "{57219171-6912-4172-BF09-878633107576}"
EndProject
Project("{2150E333-8FDC-42A3-9474-1A3956D46DE8}") = "2.Infrastructure", "2.Infrastructure", "{4CFEDDA8-E7DB-4A29-9CFD-554E7D37597F}"
EndProject
Project("{2150E333-8FDC-42A3-9474-1A3956D46DE8}") = "3.Endpoints", "3.Endpoints", "{6430E407-BECA-41E7-BC7D-9CF7FB3568C0}"
EndProject
Project("{FAE04EC0-301F-11D3-BF4B-00C04F79EFBC}") = "Miniblog.Core.Domain", "sample\1.Core\MIniblog.Core.Domain\Miniblog.Core.Domain.csproj", "{FB0F8F91-0B22-4FEE-8A36-5048D11E18B5}"
EndProject
Project("{FAE04EC0-301F-11D3-BF4B-00C04F79EFBC}") = "Miniblog.Core.RequestResponse", "sample\1.Core\Miniblog.Core.RequestResponse\Miniblog.Core.RequestResponse.csproj", "{D5859633-BD6E-44C2-A9EB-955C309E9D00}"
EndProject
Project("{FAE04EC0-301F-11D3-BF4B-00C04F79EFBC}") = "Miniblog.Core.Contracts", "sample\1.Core\Miniblog.Core.Contracts\Miniblog.Core.Contracts.csproj", "{AE6B9800-EEAC-4F1F-88E5-9BAE209531E3}"
EndProject
Project("{FAE04EC0-301F-11D3-BF4B-00C04F79EFBC}") = "Miniblog.Core.ApplicationServices", "sample\1.Core\Miniblog.Core.ApplicationServices\Miniblog.Core.ApplicationServices.csproj", "{9D7D96D9-9679-48AC-A4D0-C81AACE5D402}"
EndProject
Project("{2150E333-8FDC-42A3-9474-1A3956D46DE8}") = "Data", "Data", "{4AB325F6-3C1D-4F98-8B42-2B6AAE5E1F87}"
EndProject
Project("{FAE04EC0-301F-11D3-BF4B-00C04F79EFBC}") = "Miniblog.Infrastructure.Data.Sql.Commands", "sample\2.Infrastructure\Data\Miniblog.Infrastructure.Data.Sql.Commands\Miniblog.Infrastructure.Data.Sql.Commands.csproj", "{CB3C0BE8-C03A-4629-9DE4-2AAC9B11D37A}"
EndProject
Project("{FAE04EC0-301F-11D3-BF4B-00C04F79EFBC}") = "Miniblog.Infrastructure.Data.Sql.Queries", "sample\2.Infrastructure\Data\Miniblog.Infrastructure.Data.Sql.Queries\Miniblog.Infrastructure.Data.Sql.Queries.csproj", "{B974E323-550F-44D4-9EC0-4D5A9B345E03}"
EndProject
Project("{FAE04EC0-301F-11D3-BF4B-00C04F79EFBC}") = "Miniblog.Endpoints.API", "sample\3.Endpoints\Miniblog.Endpoints.API\Miniblog.Endpoints.API.csproj", "{7AD047C6-5961-4228-B347-65DAE7841EDC}"
EndProject
Project("{FAE04EC0-301F-11D3-BF4B-00C04F79EFBC}") = "DDDZamin.Core.Domain.Toolkits", "src\2.Core\DDDZamin.Core.Domain.Toolkits\DDDZamin.Core.Domain.Toolkits.csproj", "{8104B134-A699-41ED-80DF-707B555F5A61}"
EndProject
Global
	GlobalSection(SolutionConfigurationPlatforms) = preSolution
		Debug|Any CPU = Debug|Any CPU
		Release|Any CPU = Release|Any CPU
	EndGlobalSection
	GlobalSection(ProjectConfigurationPlatforms) = postSolution
		{5BD64FA1-37CA-4CF5-9E9B-31BE91952C37}.Debug|Any CPU.ActiveCfg = Debug|Any CPU
		{5BD64FA1-37CA-4CF5-9E9B-31BE91952C37}.Debug|Any CPU.Build.0 = Debug|Any CPU
		{5BD64FA1-37CA-4CF5-9E9B-31BE91952C37}.Release|Any CPU.ActiveCfg = Release|Any CPU
		{5BD64FA1-37CA-4CF5-9E9B-31BE91952C37}.Release|Any CPU.Build.0 = Release|Any CPU
		{42C8AB5B-75E6-4580-85B5-C7BBCEA9301B}.Debug|Any CPU.ActiveCfg = Debug|Any CPU
		{42C8AB5B-75E6-4580-85B5-C7BBCEA9301B}.Debug|Any CPU.Build.0 = Debug|Any CPU
		{42C8AB5B-75E6-4580-85B5-C7BBCEA9301B}.Release|Any CPU.ActiveCfg = Release|Any CPU
		{42C8AB5B-75E6-4580-85B5-C7BBCEA9301B}.Release|Any CPU.Build.0 = Release|Any CPU
		{6E62B59C-3F9D-4C7B-B0FF-64ED2D22A2DB}.Debug|Any CPU.ActiveCfg = Debug|Any CPU
		{6E62B59C-3F9D-4C7B-B0FF-64ED2D22A2DB}.Debug|Any CPU.Build.0 = Debug|Any CPU
		{6E62B59C-3F9D-4C7B-B0FF-64ED2D22A2DB}.Release|Any CPU.ActiveCfg = Release|Any CPU
		{6E62B59C-3F9D-4C7B-B0FF-64ED2D22A2DB}.Release|Any CPU.Build.0 = Release|Any CPU
		{A75823A4-F066-445C-84A1-BFEBA8E79E1B}.Debug|Any CPU.ActiveCfg = Debug|Any CPU
		{A75823A4-F066-445C-84A1-BFEBA8E79E1B}.Debug|Any CPU.Build.0 = Debug|Any CPU
		{A75823A4-F066-445C-84A1-BFEBA8E79E1B}.Release|Any CPU.ActiveCfg = Release|Any CPU
		{A75823A4-F066-445C-84A1-BFEBA8E79E1B}.Release|Any CPU.Build.0 = Release|Any CPU
		{BD04046C-61A7-4A2E-86BE-FA2F81EEA17C}.Debug|Any CPU.ActiveCfg = Debug|Any CPU
		{BD04046C-61A7-4A2E-86BE-FA2F81EEA17C}.Debug|Any CPU.Build.0 = Debug|Any CPU
		{BD04046C-61A7-4A2E-86BE-FA2F81EEA17C}.Release|Any CPU.ActiveCfg = Release|Any CPU
		{BD04046C-61A7-4A2E-86BE-FA2F81EEA17C}.Release|Any CPU.Build.0 = Release|Any CPU
		{1903B6E3-B7FD-4F3D-A0EF-4BA1CC2A9B6E}.Debug|Any CPU.ActiveCfg = Debug|Any CPU
		{1903B6E3-B7FD-4F3D-A0EF-4BA1CC2A9B6E}.Debug|Any CPU.Build.0 = Debug|Any CPU
		{1903B6E3-B7FD-4F3D-A0EF-4BA1CC2A9B6E}.Release|Any CPU.ActiveCfg = Release|Any CPU
		{1903B6E3-B7FD-4F3D-A0EF-4BA1CC2A9B6E}.Release|Any CPU.Build.0 = Release|Any CPU
		{5C1E1143-DB86-4D44-BF8D-6FC7F365E6B0}.Debug|Any CPU.ActiveCfg = Debug|Any CPU
		{5C1E1143-DB86-4D44-BF8D-6FC7F365E6B0}.Debug|Any CPU.Build.0 = Debug|Any CPU
		{5C1E1143-DB86-4D44-BF8D-6FC7F365E6B0}.Release|Any CPU.ActiveCfg = Release|Any CPU
		{5C1E1143-DB86-4D44-BF8D-6FC7F365E6B0}.Release|Any CPU.Build.0 = Release|Any CPU
		{8B612917-8D38-45AC-A573-AC2C8086E027}.Debug|Any CPU.ActiveCfg = Debug|Any CPU
		{8B612917-8D38-45AC-A573-AC2C8086E027}.Debug|Any CPU.Build.0 = Debug|Any CPU
		{8B612917-8D38-45AC-A573-AC2C8086E027}.Release|Any CPU.ActiveCfg = Release|Any CPU
		{8B612917-8D38-45AC-A573-AC2C8086E027}.Release|Any CPU.Build.0 = Release|Any CPU
		{828F86BC-D0C6-4240-8713-C1852C11BCBC}.Debug|Any CPU.ActiveCfg = Debug|Any CPU
		{828F86BC-D0C6-4240-8713-C1852C11BCBC}.Debug|Any CPU.Build.0 = Debug|Any CPU
		{828F86BC-D0C6-4240-8713-C1852C11BCBC}.Release|Any CPU.ActiveCfg = Release|Any CPU
		{828F86BC-D0C6-4240-8713-C1852C11BCBC}.Release|Any CPU.Build.0 = Release|Any CPU
		{FB0F8F91-0B22-4FEE-8A36-5048D11E18B5}.Debug|Any CPU.ActiveCfg = Debug|Any CPU
		{FB0F8F91-0B22-4FEE-8A36-5048D11E18B5}.Debug|Any CPU.Build.0 = Debug|Any CPU
		{FB0F8F91-0B22-4FEE-8A36-5048D11E18B5}.Release|Any CPU.ActiveCfg = Release|Any CPU
		{FB0F8F91-0B22-4FEE-8A36-5048D11E18B5}.Release|Any CPU.Build.0 = Release|Any CPU
		{D5859633-BD6E-44C2-A9EB-955C309E9D00}.Debug|Any CPU.ActiveCfg = Debug|Any CPU
		{D5859633-BD6E-44C2-A9EB-955C309E9D00}.Debug|Any CPU.Build.0 = Debug|Any CPU
		{D5859633-BD6E-44C2-A9EB-955C309E9D00}.Release|Any CPU.ActiveCfg = Release|Any CPU
		{D5859633-BD6E-44C2-A9EB-955C309E9D00}.Release|Any CPU.Build.0 = Release|Any CPU
		{AE6B9800-EEAC-4F1F-88E5-9BAE209531E3}.Debug|Any CPU.ActiveCfg = Debug|Any CPU
		{AE6B9800-EEAC-4F1F-88E5-9BAE209531E3}.Debug|Any CPU.Build.0 = Debug|Any CPU
		{AE6B9800-EEAC-4F1F-88E5-9BAE209531E3}.Release|Any CPU.ActiveCfg = Release|Any CPU
		{AE6B9800-EEAC-4F1F-88E5-9BAE209531E3}.Release|Any CPU.Build.0 = Release|Any CPU
		{9D7D96D9-9679-48AC-A4D0-C81AACE5D402}.Debug|Any CPU.ActiveCfg = Debug|Any CPU
		{9D7D96D9-9679-48AC-A4D0-C81AACE5D402}.Debug|Any CPU.Build.0 = Debug|Any CPU
		{9D7D96D9-9679-48AC-A4D0-C81AACE5D402}.Release|Any CPU.ActiveCfg = Release|Any CPU
		{9D7D96D9-9679-48AC-A4D0-C81AACE5D402}.Release|Any CPU.Build.0 = Release|Any CPU
		{CB3C0BE8-C03A-4629-9DE4-2AAC9B11D37A}.Debug|Any CPU.ActiveCfg = Debug|Any CPU
		{CB3C0BE8-C03A-4629-9DE4-2AAC9B11D37A}.Debug|Any CPU.Build.0 = Debug|Any CPU
		{CB3C0BE8-C03A-4629-9DE4-2AAC9B11D37A}.Release|Any CPU.ActiveCfg = Release|Any CPU
		{CB3C0BE8-C03A-4629-9DE4-2AAC9B11D37A}.Release|Any CPU.Build.0 = Release|Any CPU
		{B974E323-550F-44D4-9EC0-4D5A9B345E03}.Debug|Any CPU.ActiveCfg = Debug|Any CPU
		{B974E323-550F-44D4-9EC0-4D5A9B345E03}.Debug|Any CPU.Build.0 = Debug|Any CPU
		{B974E323-550F-44D4-9EC0-4D5A9B345E03}.Release|Any CPU.ActiveCfg = Release|Any CPU
		{B974E323-550F-44D4-9EC0-4D5A9B345E03}.Release|Any CPU.Build.0 = Release|Any CPU
		{7AD047C6-5961-4228-B347-65DAE7841EDC}.Debug|Any CPU.ActiveCfg = Debug|Any CPU
		{7AD047C6-5961-4228-B347-65DAE7841EDC}.Debug|Any CPU.Build.0 = Debug|Any CPU
		{7AD047C6-5961-4228-B347-65DAE7841EDC}.Release|Any CPU.ActiveCfg = Release|Any CPU
		{7AD047C6-5961-4228-B347-65DAE7841EDC}.Release|Any CPU.Build.0 = Release|Any CPU
		{8104B134-A699-41ED-80DF-707B555F5A61}.Debug|Any CPU.ActiveCfg = Debug|Any CPU
		{8104B134-A699-41ED-80DF-707B555F5A61}.Debug|Any CPU.Build.0 = Debug|Any CPU
		{8104B134-A699-41ED-80DF-707B555F5A61}.Release|Any CPU.ActiveCfg = Release|Any CPU
		{8104B134-A699-41ED-80DF-707B555F5A61}.Release|Any CPU.Build.0 = Release|Any CPU
	EndGlobalSection
	GlobalSection(SolutionProperties) = preSolution
		HideSolutionNode = FALSE
	EndGlobalSection
	GlobalSection(NestedProjects) = preSolution
		{22810C59-1972-4C3C-A544-F7E4FF653A0D} = {02EA681E-C7D8-13C7-8484-4AC65E1B71E8}
		{38622530-8137-41C5-ADAA-B4E00712BCC3} = {02EA681E-C7D8-13C7-8484-4AC65E1B71E8}
		{BF6F9ED1-1A61-4AEB-9237-197DD30B684A} = {02EA681E-C7D8-13C7-8484-4AC65E1B71E8}
		{5BD64FA1-37CA-4CF5-9E9B-31BE91952C37} = {22810C59-1972-4C3C-A544-F7E4FF653A0D}
		{42C8AB5B-75E6-4580-85B5-C7BBCEA9301B} = {38622530-8137-41C5-ADAA-B4E00712BCC3}
		{6E62B59C-3F9D-4C7B-B0FF-64ED2D22A2DB} = {38622530-8137-41C5-ADAA-B4E00712BCC3}
		{A75823A4-F066-445C-84A1-BFEBA8E79E1B} = {38622530-8137-41C5-ADAA-B4E00712BCC3}
		{BD04046C-61A7-4A2E-86BE-FA2F81EEA17C} = {38622530-8137-41C5-ADAA-B4E00712BCC3}
		{85217E13-299D-4D10-B705-E119B054CF35} = {BF6F9ED1-1A61-4AEB-9237-197DD30B684A}
		{1903B6E3-B7FD-4F3D-A0EF-4BA1CC2A9B6E} = {85217E13-299D-4D10-B705-E119B054CF35}
		{5C1E1143-DB86-4D44-BF8D-6FC7F365E6B0} = {85217E13-299D-4D10-B705-E119B054CF35}
		{8B612917-8D38-45AC-A573-AC2C8086E027} = {85217E13-299D-4D10-B705-E119B054CF35}
		{A8E6FE98-5FC9-408E-A257-560EDFF789DA} = {02EA681E-C7D8-13C7-8484-4AC65E1B71E8}
		{828F86BC-D0C6-4240-8713-C1852C11BCBC} = {A8E6FE98-5FC9-408E-A257-560EDFF789DA}
		{57219171-6912-4172-BF09-878633107576} = {FFBA1B8A-1328-4963-82D0-EBBDB08C8136}
		{4CFEDDA8-E7DB-4A29-9CFD-554E7D37597F} = {FFBA1B8A-1328-4963-82D0-EBBDB08C8136}
		{6430E407-BECA-41E7-BC7D-9CF7FB3568C0} = {FFBA1B8A-1328-4963-82D0-EBBDB08C8136}
		{FB0F8F91-0B22-4FEE-8A36-5048D11E18B5} = {57219171-6912-4172-BF09-878633107576}
		{D5859633-BD6E-44C2-A9EB-955C309E9D00} = {57219171-6912-4172-BF09-878633107576}
		{AE6B9800-EEAC-4F1F-88E5-9BAE209531E3} = {57219171-6912-4172-BF09-878633107576}
		{9D7D96D9-9679-48AC-A4D0-C81AACE5D402} = {57219171-6912-4172-BF09-878633107576}
		{4AB325F6-3C1D-4F98-8B42-2B6AAE5E1F87} = {4CFEDDA8-E7DB-4A29-9CFD-554E7D37597F}
		{CB3C0BE8-C03A-4629-9DE4-2AAC9B11D37A} = {4AB325F6-3C1D-4F98-8B42-2B6AAE5E1F87}
		{B974E323-550F-44D4-9EC0-4D5A9B345E03} = {4AB325F6-3C1D-4F98-8B42-2B6AAE5E1F87}
		{7AD047C6-5961-4228-B347-65DAE7841EDC} = {6430E407-BECA-41E7-BC7D-9CF7FB3568C0}
		{8104B134-A699-41ED-80DF-707B555F5A61} = {38622530-8137-41C5-ADAA-B4E00712BCC3}
	EndGlobalSection
	GlobalSection(ExtensibilityGlobals) = postSolution
		SolutionGuid = {3D850A34-DA00-4C29-B812-25C4B07E8CBA}
	EndGlobalSection
EndGlobal
